
Microsoft Visual Studio Solution File, Format Version 12.00
# Visual Studio 15
VisualStudioVersion = 15.0.27428.2027
MinimumVisualStudioVersion = 10.0.40219.1
Project("{FAE04EC0-301F-11D3-BF4B-00C04F79EFBC}") = "Common", "Common\Common.csproj", "{0DA5199F-0184-4147-B99B-D36937218D77}"
EndProject
Project("{FAE04EC0-301F-11D3-BF4B-00C04F79EFBC}") = "Bluetooth", "Bluetooth\Bluetooth.csproj", "{DB1BA435-1760-492F-B295-64C73F9FBFC5}"
EndProject
Project("{FAE04EC0-301F-11D3-BF4B-00C04F79EFBC}") = "BluetoothTest", "BluetoothTest\BluetoothTest.csproj", "{AA4A32AD-E84C-4704-A137-F25CF789FB40}"
EndProject
Project("{FAE04EC0-301F-11D3-BF4B-00C04F79EFBC}") = "Core", "Core\Core.csproj", "{5B336EB4-8814-42BA-9BED-7E85A8B69B15}"
EndProject
Project("{FAE04EC0-301F-11D3-BF4B-00C04F79EFBC}") = "CoreTest", "CoreTest\CoreTest.csproj", "{EB15A3DA-99D6-44EF-9141-0594392B1AF8}"
EndProject
Project("{FAE04EC0-301F-11D3-BF4B-00C04F79EFBC}") = "HttpFileServerApp", "HttpFileServerApp\HttpFileServerApp.csproj", "{20CF5A58-6B19-4AC6-8D63-B3D0B6135D52}"
EndProject
Global
	GlobalSection(SolutionConfigurationPlatforms) = preSolution
		Debug|Any CPU = Debug|Any CPU
		Release|Any CPU = Release|Any CPU
	EndGlobalSection
	GlobalSection(ProjectConfigurationPlatforms) = postSolution
		{0DA5199F-0184-4147-B99B-D36937218D77}.Debug|Any CPU.ActiveCfg = Debug|Any CPU
		{0DA5199F-0184-4147-B99B-D36937218D77}.Debug|Any CPU.Build.0 = Debug|Any CPU
		{0DA5199F-0184-4147-B99B-D36937218D77}.Release|Any CPU.ActiveCfg = Release|Any CPU
		{0DA5199F-0184-4147-B99B-D36937218D77}.Release|Any CPU.Build.0 = Release|Any CPU
		{DB1BA435-1760-492F-B295-64C73F9FBFC5}.Debug|Any CPU.ActiveCfg = Debug|Any CPU
		{DB1BA435-1760-492F-B295-64C73F9FBFC5}.Debug|Any CPU.Build.0 = Debug|Any CPU
		{DB1BA435-1760-492F-B295-64C73F9FBFC5}.Release|Any CPU.ActiveCfg = Release|Any CPU
		{DB1BA435-1760-492F-B295-64C73F9FBFC5}.Release|Any CPU.Build.0 = Release|Any CPU
		{AA4A32AD-E84C-4704-A137-F25CF789FB40}.Debug|Any CPU.ActiveCfg = Debug|Any CPU
		{AA4A32AD-E84C-4704-A137-F25CF789FB40}.Debug|Any CPU.Build.0 = Debug|Any CPU
		{AA4A32AD-E84C-4704-A137-F25CF789FB40}.Release|Any CPU.ActiveCfg = Release|Any CPU
		{AA4A32AD-E84C-4704-A137-F25CF789FB40}.Release|Any CPU.Build.0 = Release|Any CPU
		{5B336EB4-8814-42BA-9BED-7E85A8B69B15}.Debug|Any CPU.ActiveCfg = Debug|Any CPU
		{5B336EB4-8814-42BA-9BED-7E85A8B69B15}.Debug|Any CPU.Build.0 = Debug|Any CPU
		{5B336EB4-8814-42BA-9BED-7E85A8B69B15}.Release|Any CPU.ActiveCfg = Release|Any CPU
		{5B336EB4-8814-42BA-9BED-7E85A8B69B15}.Release|Any CPU.Build.0 = Release|Any CPU
		{EB15A3DA-99D6-44EF-9141-0594392B1AF8}.Debug|Any CPU.ActiveCfg = Debug|Any CPU
		{EB15A3DA-99D6-44EF-9141-0594392B1AF8}.Debug|Any CPU.Build.0 = Debug|Any CPU
		{EB15A3DA-99D6-44EF-9141-0594392B1AF8}.Release|Any CPU.ActiveCfg = Release|Any CPU
		{EB15A3DA-99D6-44EF-9141-0594392B1AF8}.Release|Any CPU.Build.0 = Release|Any CPU
		{20CF5A58-6B19-4AC6-8D63-B3D0B6135D52}.Debug|Any CPU.ActiveCfg = Debug|Any CPU
		{20CF5A58-6B19-4AC6-8D63-B3D0B6135D52}.Debug|Any CPU.Build.0 = Debug|Any CPU
		{20CF5A58-6B19-4AC6-8D63-B3D0B6135D52}.Release|Any CPU.ActiveCfg = Release|Any CPU
		{20CF5A58-6B19-4AC6-8D63-B3D0B6135D52}.Release|Any CPU.Build.0 = Release|Any CPU
	EndGlobalSection
	GlobalSection(SolutionProperties) = preSolution
		HideSolutionNode = FALSE
	EndGlobalSection
	GlobalSection(ExtensibilityGlobals) = postSolution
		SolutionGuid = {DF37D7F1-7D56-431C-AAA6-A5BAB2A10C91}
	EndGlobalSection
EndGlobal
